{
  "name": "wiffle-proto",
  "version": "1.0.0",
  "lockfileVersion": 1,
  "requires": true,
  "dependencies": {
    "dotenv": {
      "version": "10.0.0",
      "resolved": "https://registry.npmjs.org/dotenv/-/dotenv-10.0.0.tgz",
      "integrity": "sha512-rlBi9d8jpv9Sf1klPjNfFAuWDjKLwTIJJ/VxtoTwIR6hnZxcEOQCZg2oIL3MWBYw5GpUDKOEnND7LXTbIpQ03Q=="
    },
    "react-simple-image-slider": {
      "version": "2.1.2",
      "resolved": "https://registry.npmjs.org/react-simple-image-slider/-/react-simple-image-slider-2.1.2.tgz",
      "integrity": "sha512-XpxnDEJF/HXMiGhdJNRkmCL1graacFbymPTz1DfVocM/9peU356CoOi4DkRxC8AEz4dZilme0njwBcSeWcDrXQ=="
    }
  }
}
